Microsoft Visual Studio Solution File, Format Version 11.00
# Visual Studio 2008

Project("{5863AD6B-497C-76EC-09B5-7AEE9AFB89FD}") = "ChickenFight", "Assembly-CSharp.csproj", "{18A79BE5-D916-40E2-0545-FE40298FF06E}"
EndProject
Global
	GlobalSection(SolutionConfigurationPlatforms) = preSolution
		Debug|Any CPU = Debug|Any CPU
		Release|Any CPU = Release|Any CPU
	EndGlobalSection
	GlobalSection(ProjectConfigurationPlatforms) = postSolution
		{18A79BE5-D916-40E2-0545-FE40298FF06E}.Debug|Any CPU.ActiveCfg = Debug|Any CPU
		{18A79BE5-D916-40E2-0545-FE40298FF06E}.Debug|Any CPU.Build.0 = Debug|Any CPU
		{18A79BE5-D916-40E2-0545-FE40298FF06E}.Release|Any CPU.ActiveCfg = Release|Any CPU
		{18A79BE5-D916-40E2-0545-FE40298FF06E}.Release|Any CPU.Build.0 = Release|Any CPU
	EndGlobalSection
	GlobalSection(SolutionProperties) = preSolution
		HideSolutionNode = FALSE
	EndGlobalSection
	GlobalSection(MonoDevelopProperties) = preSolution
		StartupItem = Assembly-CSharp.csproj
	EndGlobalSection
EndGlobal
